{
	"requires": true,
	"lockfileVersion": 1,
	"dependencies": {
		"@framer/framer.default": {
			"version": "1.71.0",
			"requires": {
				"react-feather": "^2.0.3"
			}
		},
		"@framer/ismael.sticky": {
			"version": "2.3.0"
		},
		"@framer/martiankid.animated-gesture": {
			"version": "1.1.0"
		},
		"@framer/ruucm.cursor-animation": {
			"version": "1.2.0"
		},
		"@framer/steveruizok.responsive-layout-component": {
			"version": "1.17.0"
		},
		"@types/prop-types": {
			"version": "15.7.0",
			"resolved": "https://registry.npmjs.org/@types/prop-types/-/prop-types-15.7.0.tgz",
			"integrity": "sha512-eItQyV43bj4rR3JPV0Skpl1SncRCdziTEK9/v8VwXmV6d/qOUO8/EuWeHBbCZcsfSHfzI5UyMJLCSXtxxznyZg==",
			"dev": true
		},
		"@types/react": {
			"version": "16.8.4",
			"dev": true,
			"requires": {
				"@types/prop-types": "*",
				"csstype": "^2.2.0"
			}
		},
		"array-difference": {
			"version": "0.0.1",
			"resolved": "https://registry.npmjs.org/array-difference/-/array-difference-0.0.1.tgz",
			"integrity": "sha1-x8r9m1SzXrgvcue6MZ6Tij/TKwc="
		},
		"array-union": {
			"version": "1.0.2",
			"resolved": "https://registry.npmjs.org/array-union/-/array-union-1.0.2.tgz",
			"integrity": "sha1-mjRBDk9OPaI96jdb5b5w8kd47Dk=",
			"requires": {
				"array-uniq": "^1.0.1"
			}
		},
		"array-uniq": {
			"version": "1.0.3",
			"resolved": "https://registry.npmjs.org/array-uniq/-/array-uniq-1.0.3.tgz",
			"integrity": "sha1-r2rId6Jcx/dOBYiUdThY39sk/bY="
		},
		"csstype": {
			"version": "2.6.1",
			"resolved": "https://registry.npmjs.org/csstype/-/csstype-2.6.1.tgz",
			"integrity": "sha512-wv7IRqCGsL7WGKB8gPvrl+++HlFM9kxAM6jL1EXNPNTshEJYilMkbfS2SnuHha77uosp/YVK0wAp2jmlBzn1tg==",
			"dev": true
		},
		"deep-equal": {
			"version": "0.2.2",
			"resolved": "https://registry.npmjs.org/deep-equal/-/deep-equal-0.2.2.tgz",
			"integrity": "sha1-hLdFiW80xoTpjyzg5Cq69Du6AX0="
		},
		"isobject": {
			"version": "0.2.0",
			"resolved": "https://registry.npmjs.org/isobject/-/isobject-0.2.0.tgz",
			"integrity": "sha1-o0MhkvObkQtfAsyYlIeDbscKqF4="
		},
		"js-tokens": {
			"version": "4.0.0",
			"resolved": "https://registry.npmjs.org/js-tokens/-/js-tokens-4.0.0.tgz",
			"integrity": "sha512-RdJUflcE3cUzKiMqQgsCu06FPu9UdIJO0beYbPhHN4k6apgJtifcoCtT9bcxOpYBtpD2kCM6Sbzg4CausW/PKQ=="
		},
		"lodash": {
			"version": "4.17.20"
		},
		"lodash.identity": {
			"version": "3.0.0",
			"resolved": "https://registry.npmjs.org/lodash.identity/-/lodash.identity-3.0.0.tgz",
			"integrity": "sha1-rXvGpOZH15yXLhuA/u968VYmeHY="
		},
		"lodash.isequal": {
			"version": "4.5.0",
			"resolved": "https://registry.npmjs.org/lodash.isequal/-/lodash.isequal-4.5.0.tgz",
			"integrity": "sha1-QVxEePK8wwEgwizhDtMib30+GOA="
		},
		"lodash.isobject": {
			"version": "3.0.2",
			"resolved": "https://registry.npmjs.org/lodash.isobject/-/lodash.isobject-3.0.2.tgz",
			"integrity": "sha1-PI+41bW/S/kK4G4U8qUwpO2TXh0="
		},
		"lodash.omit": {
			"version": "4.5.0",
			"resolved": "https://registry.npmjs.org/lodash.omit/-/lodash.omit-4.5.0.tgz",
			"integrity": "sha1-brGa5aHuHdnfC5aeZs4Lf6MLXmA="
		},
		"lodash.reduce": {
			"version": "4.6.0",
			"resolved": "https://registry.npmjs.org/lodash.reduce/-/lodash.reduce-4.6.0.tgz",
			"integrity": "sha1-8atrg5KZrUj3hKu/R2WW8DuRTTs="
		},
		"loose-envify": {
			"version": "1.4.0",
			"resolved": "https://registry.npmjs.org/loose-envify/-/loose-envify-1.4.0.tgz",
			"integrity": "sha512-lyuxPGr/Wfhrlem2CL/UcnUc1zcqKAImBDzukY7Y5F/yQiNdko6+fRLevlw1HgMySw7f611UIY408EtxRSoK3Q==",
			"requires": {
				"js-tokens": "^3.0.0 || ^4.0.0"
			}
		},
		"object-assign": {
			"version": "4.1.1",
			"resolved": "https://registry.npmjs.org/object-assign/-/object-assign-4.1.1.tgz",
			"integrity": "sha1-IQmtx5ZYh8/AXLvUQsrIv7s2CGM="
		},
		"omit-keys": {
			"version": "0.1.0",
			"resolved": "https://registry.npmjs.org/omit-keys/-/omit-keys-0.1.0.tgz",
			"integrity": "sha1-4U7FygnNSuB/w56Mo1k5c4RJvsg=",
			"requires": {
				"array-difference": "0.0.1",
				"isobject": "^0.2.0"
			}
		},
		"prop-types": {
			"version": "15.7.2",
			"resolved": "https://registry.npmjs.org/prop-types/-/prop-types-15.7.2.tgz",
			"integrity": "sha512-8QQikdH7//R2vurIJSutZ1smHYTcLpRWEOlHnzcWHmBYrOGUysKwSsrC89BCiFj3CbrfJ/nXFdJepOVrY1GCHQ==",
			"requires": {
				"loose-envify": "^1.4.0",
				"object-assign": "^4.1.1",
				"react-is": "^16.8.1"
			}
		},
		"react-addons-update": {
			"version": "0.14.8",
			"resolved": "https://registry.npmjs.org/react-addons-update/-/react-addons-update-0.14.8.tgz",
			"integrity": "sha1-SG8ftx4J74rQnA6V++WdFzeC/ho="
		},
		"react-cursor": {
			"version": "2.0.15",
			"resolved": "https://registry.npmjs.org/react-cursor/-/react-cursor-2.0.15.tgz",
			"integrity": "sha1-s6GVfmmZ/vTI6V7bRyaYLBX6gUQ=",
			"requires": {
				"lodash.identity": "^3.0.0",
				"lodash.isequal": "^4.0.0",
				"lodash.isobject": "^3.0.0",
				"lodash.omit": "^4.0.0",
				"lodash.reduce": "^4.0.0",
				"react-addons-update": "^0.14.2",
				"update-in": "0.0.1-alpha.5"
			}
		},
		"react-feather": {
			"version": "2.0.8",
			"resolved": "https://registry.npmjs.org/react-feather/-/react-feather-2.0.8.tgz",
			"integrity": "sha512-J0dCEOvOxpovHeOVj3+8mAhN3/UERTfX6rSxnV6x4E+0s+STY536jhSjRfpSvTQA0SSFjYr4KrpPfdsLmK+zZg==",
			"requires": {
				"prop-types": "^15.7.2"
			}
		},
		"react-is": {
			"version": "16.13.1",
			"resolved": "https://registry.npmjs.org/react-is/-/react-is-16.13.1.tgz",
			"integrity": "sha512-24e6ynE2H+OKt4kqsOvNd8kBpV65zoxbA4BVsEOB3ARVWQki/DHzaUoC5KuON/BiccDaCCTZBuOcfZs70kR8bQ=="
		},
		"update-in": {
			"version": "0.0.1-alpha.5",
			"resolved": "https://registry.npmjs.org/update-in/-/update-in-0.0.1-alpha.5.tgz",
			"integrity": "sha1-lifMSmOCWqB1aQRE8V+mzpWJwh0=",
			"requires": {
				"array-union": "^1.0.0",
				"deep-equal": "^0.2.1",
				"lodash.isobject": "^3.0.2",
				"omit-keys": "^0.1.0",
				"react-addons-update": "^0.14.2"
			}
		}
	}
}
