# THIS IS AN AUTOGENERATED FILE. DO NOT EDIT THIS FILE DIRECTLY.
# yarn lockfile v1


array-difference@0.0.1:
  version "0.0.1"
  resolved "https://registry.yarnpkg.com/array-difference/-/array-difference-0.0.1.tgz#c7cafd9b54b35eb82f72e7ba319e938a3fd32b07"
  integrity sha1-x8r9m1SzXrgvcue6MZ6Tij/TKwc=

array-union@^1.0.0:
  version "1.0.2"
  resolved "https://registry.yarnpkg.com/array-union/-/array-union-1.0.2.tgz#9a34410e4f4e3da23dea375be5be70f24778ec39"
  integrity sha1-mjRBDk9OPaI96jdb5b5w8kd47Dk=
  dependencies:
    array-uniq "^1.0.1"

array-uniq@^1.0.1:
  version "1.0.3"
  resolved "https://registry.yarnpkg.com/array-uniq/-/array-uniq-1.0.3.tgz#af6ac877a25cc7f74e058894753858dfdb24fdb6"
  integrity sha1-r2rId6Jcx/dOBYiUdThY39sk/bY=

deep-equal@^0.2.1:
  version "0.2.2"
  resolved "https://registry.yarnpkg.com/deep-equal/-/deep-equal-0.2.2.tgz#84b745896f34c684e98f2ce0e42abaf43bba017d"
  integrity sha1-hLdFiW80xoTpjyzg5Cq69Du6AX0=

isobject@^0.2.0:
  version "0.2.0"
  resolved "https://registry.yarnpkg.com/isobject/-/isobject-0.2.0.tgz#a3432192f39b910b5f02cc989487836ec70aa85e"
  integrity sha1-o0MhkvObkQtfAsyYlIeDbscKqF4=

lodash.identity@^3.0.0:
  version "3.0.0"
  resolved "https://registry.yarnpkg.com/lodash.identity/-/lodash.identity-3.0.0.tgz#ad7bc6a4e647d79c972e1b80feef7af156267876"
  integrity sha1-rXvGpOZH15yXLhuA/u968VYmeHY=

lodash.isequal@^4.0.0:
  version "4.5.0"
  resolved "https://registry.yarnpkg.com/lodash.isequal/-/lodash.isequal-4.5.0.tgz#415c4478f2bcc30120c22ce10ed3226f7d3e18e0"
  integrity sha1-QVxEePK8wwEgwizhDtMib30+GOA=

lodash.isobject@^3.0.0, lodash.isobject@^3.0.2:
  version "3.0.2"
  resolved "https://registry.yarnpkg.com/lodash.isobject/-/lodash.isobject-3.0.2.tgz#3c8fb8d5b5bf4bf90ae06e14f2a530a4ed935e1d"
  integrity sha1-PI+41bW/S/kK4G4U8qUwpO2TXh0=

lodash.omit@^4.0.0:
  version "4.5.0"
  resolved "https://registry.yarnpkg.com/lodash.omit/-/lodash.omit-4.5.0.tgz#6eb19ae5a1ee1dd9df0b969e66ce0b7fa30b5e60"
  integrity sha1-brGa5aHuHdnfC5aeZs4Lf6MLXmA=

lodash.reduce@^4.0.0:
  version "4.6.0"
  resolved "https://registry.yarnpkg.com/lodash.reduce/-/lodash.reduce-4.6.0.tgz#f1ab6b839299ad48f784abbf476596f03b914d3b"
  integrity sha1-8atrg5KZrUj3hKu/R2WW8DuRTTs=

lodash@^4.17.20:
  version "4.17.20"
  resolved "https://registry.yarnpkg.com/lodash/-/lodash-4.17.20.tgz#b44a9b6297bcb698f1c51a3545a2b3b368d59c52"
  integrity sha512-PlhdFcillOINfeV7Ni6oF1TAEayyZBoZ8bcshTHqOYJYlrqzRK5hagpagky5o4HfCzzd1TRkXPMFq6cKk9rGmA==

omit-keys@^0.1.0:
  version "0.1.0"
  resolved "https://registry.yarnpkg.com/omit-keys/-/omit-keys-0.1.0.tgz#e14ec5ca09cd4ae07fc39e8ca35939738449bec8"
  integrity sha1-4U7FygnNSuB/w56Mo1k5c4RJvsg=
  dependencies:
    array-difference "0.0.1"
    isobject "^0.2.0"

react-addons-update@^0.14.2:
  version "0.14.8"
  resolved "https://registry.yarnpkg.com/react-addons-update/-/react-addons-update-0.14.8.tgz#486f1fb71e09ef8ad09c0e95fbe59d173782fe1a"
  integrity sha1-SG8ftx4J74rQnA6V++WdFzeC/ho=

react-cursor@^2.0.15:
  version "2.0.15"
  resolved "https://registry.yarnpkg.com/react-cursor/-/react-cursor-2.0.15.tgz#b3a1957e6999fef4c8e95edb4726982c15fa8144"
  integrity sha1-s6GVfmmZ/vTI6V7bRyaYLBX6gUQ=
  dependencies:
    lodash.identity "^3.0.0"
    lodash.isequal "^4.0.0"
    lodash.isobject "^3.0.0"
    lodash.omit "^4.0.0"
    lodash.reduce "^4.0.0"
    react-addons-update "^0.14.2"
    update-in "0.0.1-alpha.5"

update-in@0.0.1-alpha.5:
  version "0.0.1-alpha.5"
  resolved "https://registry.yarnpkg.com/update-in/-/update-in-0.0.1-alpha.5.tgz#9627cc4a63825aa075690444f15fa6ce9589c21d"
  integrity sha1-lifMSmOCWqB1aQRE8V+mzpWJwh0=
  dependencies:
    array-union "^1.0.0"
    deep-equal "^0.2.1"
    lodash.isobject "^3.0.2"
    omit-keys "^0.1.0"
    react-addons-update "^0.14.2"
